{
  "name": "state-management-react-2",
  "version": "1.0.0",
  "lockfileVersion": 2,
  "requires": true,
  "packages": {
    "": {
      "name": "state-management-react-2",
      "version": "1.0.0",
      "license": "ISC",
      "dependencies": {
        "ttab": "^0.7.3"
      }
    },
    "node_modules/ttab": {
      "version": "0.7.3",
      "resolved": "https://registry.npmjs.org/ttab/-/ttab-0.7.3.tgz",
      "integrity": "sha512-R3vtCd+C11wgA+qAoyxDNuRItVPrgP04PMbAKD2nvs3lSCgPFRpSmu0Rlb8yOhxU3Q6n8GZUHMd5txrzfBTceg==",
      "os": [
        "darwin",
        "linux"
      ],
      "bin": {
        "ttab": "bin/ttab"
      }
    }
  },
  "dependencies": {
    "ttab": {
      "version": "0.7.3",
      "resolved": "https://registry.npmjs.org/ttab/-/ttab-0.7.3.tgz",
      "integrity": "sha512-R3vtCd+C11wgA+qAoyxDNuRItVPrgP04PMbAKD2nvs3lSCgPFRpSmu0Rlb8yOhxU3Q6n8GZUHMd5txrzfBTceg=="
    }
  }
}
